PODS:
  - camera (0.0.1):
    - Flutter
  - Flutter (1.0.0)
  - run_access_facial (0.0.1):
    - Flutter

DEPENDENCIES:
  - camera (from `.symlinks/plugins/camera/ios`)
  - Flutter (from `Flutter`)
  - run_access_facial (from `.symlinks/plugins/run_access_facial/ios`)

EXTERNAL SOURCES:
  camera:
    :path: ".symlinks/plugins/camera/ios"
  Flutter:
    :path: Flutter
  run_access_facial:
    :path: ".symlinks/plugins/run_access_facial/ios"

SPEC CHECKSUMS:
  camera: a0ca5080336f7af47b88436e5e26da3dee5568f0
  Flutter: 0e3d915762c693b495b44d77113d4970485de6ec
  run_access_facial: ff99014a6d4774902319a116ec61f54dec790c87

PODFILE CHECKSUM: aafe91acc616949ddb318b77800a7f51bffa2a4c

COCOAPODS: 1.11.2
